// !$*UTF8*$!
{
	archiveVersion = 1;
	classes = {
	};
	objectVersion = 47;
	objects = {

/* Begin PBXBuildFile section */
		46C744425C6A64339689C260 /* libPods.a in Frameworks */ = {isa = PBXBuildFile; fileRef = 2C5DB9D76F65760562C3A413 /* libPods.a */; };
		8B1B6ED11B0BFB65004430C7 /* main.m in Sources */ = {isa = PBXBuildFile; fileRef = 8B1B6ED01B0BFB65004430C7 /* main.m */; };
		8B1B6ED91B0C0411004430C7 /* RGApplication.m in Sources */ = {isa = PBXBuildFile; fileRef = 8B1B6ED81B0C0411004430C7 /* RGApplication.m */; };
		8B1B6F421B1344F8004430C7 /* libmruby.a in Frameworks */ = {isa = PBXBuildFile; fileRef = 8B1B6F411B1344F8004430C7 /* libmruby.a */; };
/* End PBXBuildFile section */

/* Begin PBXCopyFilesBuildPhase section */
		8B1B6ECB1B0BFB65004430C7 /* CopyFiles */ = {
			isa = PBXCopyFilesBuildPhase;
			buildActionMask = 2147483647;
			dstPath = /usr/share/man/man1/;
			dstSubfolderSpec = 0;
			files = (
			);
			runOnlyForDeploymentPostprocessing = 1;
		};
/* End PBXCopyFilesBuildPhase section */

/* Begin PBXFileReference section */
		2C5DB9D76F65760562C3A413 /* libPods.a */ = {isa = PBXFileReference; explicitFileType = archive.ar; includeInIndex = 0; path = libPods.a; sourceTree = BUILT_PRODUCTS_DIR; };
		8B1B6ECD1B0BFB65004430C7 /* RubyGens */ = {isa = PBXFileReference; explicitFileType = "compiled.mach-o.executable"; includeInIndex = 0; path = RubyGens; sourceTree = BUILT_PRODUCTS_DIR; };
		8B1B6ED01B0BFB65004430C7 /* main.m */ = {isa = PBXFileReference; lastKnownFileType = sourcecode.c.objc; path = main.m; sourceTree = "<group>"; };
		8B1B6ED71B0C0411004430C7 /* RGApplication.h */ = {isa = PBXFileReference; fileEncoding = 4; lastKnownFileType = sourcecode.c.h; path = RGApplication.h; sourceTree = "<group>"; };
		8B1B6ED81B0C0411004430C7 /* RGApplication.m */ = {isa = PBXFileReference; fileEncoding = 4; lastKnownFileType = sourcecode.c.objc; path = RGApplication.m; sourceTree = "<group>"; };
		8B1B6F411B1344F8004430C7 /* libmruby.a */ = {isa = PBXFileReference; lastKnownFileType = archive.ar; name = libmruby.a; path = External/mruby/build/host/lib/libmruby.a; sourceTree = "<group>"; };
		96C739ADA5D2B85536486D6D /* Pods.debug.xcconfig */ = {isa = PBXFileReference; includeInIndex = 1; lastKnownFileType = text.xcconfig; name = Pods.debug.xcconfig; path = "Pods/Target Support Files/Pods/Pods.debug.xcconfig"; sourceTree = "<group>"; };
		C1C0F0533C27F30180D29D6E /* Pods.release.xcconfig */ = {isa = PBXFileReference; includeInIndex = 1; lastKnownFileType = text.xcconfig; name = Pods.release.xcconfig; path = "Pods/Target Support Files/Pods/Pods.release.xcconfig"; sourceTree = "<group>"; };
/* End PBXFileReference section */

/* Begin PBXFrameworksBuildPhase section */
		8B1B6ECA1B0BFB65004430C7 /* Frameworks */ = {
			isa = PBXFrameworksBuildPhase;
			buildActionMask = 2147483647;
			files = (
				46C744425C6A64339689C260 /* libPods.a in Frameworks */,
				8B1B6F421B1344F8004430C7 /* libmruby.a in Frameworks */,
			);
			runOnlyForDeploymentPostprocessing = 0;
		};
/* End PBXFrameworksBuildPhase section */

/* Begin PBXGroup section */
		06F09F649D167D3F7B089167 /* Frameworks */ = {
			isa = PBXGroup;
			children = (
				8B1B6F411B1344F8004430C7 /* libmruby.a */,
				2C5DB9D76F65760562C3A413 /* libPods.a */,
			);
			name = Frameworks;
			sourceTree = "<group>";
		};
		7A3FFDFDE7BA119813F3BEFA /* Pods */ = {
			isa = PBXGroup;
			children = (
				96C739ADA5D2B85536486D6D /* Pods.debug.xcconfig */,
				C1C0F0533C27F30180D29D6E /* Pods.release.xcconfig */,
			);
			name = Pods;
			sourceTree = "<group>";
		};
		8B1B6EC41B0BFB65004430C7 = {
			isa = PBXGroup;
			children = (
				8B1B6ECF1B0BFB65004430C7 /* RubyGens */,
				8B1B6ECE1B0BFB65004430C7 /* Products */,
				7A3FFDFDE7BA119813F3BEFA /* Pods */,
				06F09F649D167D3F7B089167 /* Frameworks */,
			);
			sourceTree = "<group>";
		};
		8B1B6ECE1B0BFB65004430C7 /* Products */ = {
			isa = PBXGroup;
			children = (
				8B1B6ECD1B0BFB65004430C7 /* RubyGens */,
			);
			name = Products;
			sourceTree = "<group>";
		};
		8B1B6ECF1B0BFB65004430C7 /* RubyGens */ = {
			isa = PBXGroup;
			children = (
				8B1B6ED01B0BFB65004430C7 /* main.m */,
				8B1B6ED71B0C0411004430C7 /* RGApplication.h */,
				8B1B6ED81B0C0411004430C7 /* RGApplication.m */,
			);
			path = RubyGens;
			sourceTree = "<group>";
		};
/* End PBXGroup section */

/* Begin PBXNativeTarget section */
		8B1B6ECC1B0BFB65004430C7 /* RubyGens */ = {
			isa = PBXNativeTarget;
			buildConfigurationList = 8B1B6ED41B0BFB65004430C7 /* Build configuration list for PBXNativeTarget "RubyGens" */;
			buildPhases = (
				98D0181F465E48DD97D777C8 /* Check Pods Manifest.lock */,
				8B1B6EC91B0BFB65004430C7 /* Sources */,
				8B1B6ECA1B0BFB65004430C7 /* Frameworks */,
				8B1B6ECB1B0BFB65004430C7 /* CopyFiles */,
				C5B6CB8A10C471FFDFE68D2E /* Copy Pods Resources */,
			);
			buildRules = (
			);
			dependencies = (
			);
			name = RubyGens;
			productName = RubyGens;
			productReference = 8B1B6ECD1B0BFB65004430C7 /* RubyGens */;
			productType = "com.apple.product-type.tool";
		};
/* End PBXNativeTarget section */

/* Begin PBXProject section */
		8B1B6EC51B0BFB65004430C7 /* Project object */ = {
			isa = PBXProject;
			attributes = {
				CLASSPREFIX = RG;
				LastUpgradeCheck = 0630;
				ORGANIZATIONNAME = Chatspry;
				TargetAttributes = {
					8B1B6ECC1B0BFB65004430C7 = {
						CreatedOnToolsVersion = 6.3;
					};
				};
			};
			buildConfigurationList = 8B1B6EC81B0BFB65004430C7 /* Build configuration list for PBXProject "RubyGens" */;
			compatibilityVersion = "Xcode 6.3";
			developmentRegion = English;
			hasScannedForEncodings = 0;
			knownRegions = (
				en,
			);
			mainGroup = 8B1B6EC41B0BFB65004430C7;
			productRefGroup = 8B1B6ECE1B0BFB65004430C7 /* Products */;
			projectDirPath = "";
			projectRoot = "";
			targets = (
				8B1B6ECC1B0BFB65004430C7 /* RubyGens */,
			);
		};
/* End PBXProject section */

/* Begin PBXShellScriptBuildPhase section */
		98D0181F465E48DD97D777C8 /* Check Pods Manifest.lock */ = {
			isa = PBXShellScriptBuildPhase;
			buildActionMask = 2147483647;
			files = (
			);
			inputPaths = (
			);
			name = "Check Pods Manifest.lock";
			outputPaths = (
			);
			runOnlyForDeploymentPostprocessing = 0;
			shellPath = /bin/sh;
			shellScript = "diff \"${PODS_ROOT}/../Podfile.lock\" \"${PODS_ROOT}/Manifest.lock\" > /dev/null\nif [[ $? != 0 ]] ; then\n    cat << EOM\nerror: The sandbox is not in sync with the Podfile.lock. Run 'pod install' or update your CocoaPods installation.\nEOM\n    exit 1\nfi\n";
			showEnvVarsInLog = 0;
		};
		C5B6CB8A10C471FFDFE68D2E /* Copy Pods Resources */ = {
			isa = PBXShellScriptBuildPhase;
			buildActionMask = 2147483647;
			files = (
			);
			inputPaths = (
			);
			name = "Copy Pods Resources";
			outputPaths = (
			);
			runOnlyForDeploymentPostprocessing = 0;
			shellPath = /bin/sh;
			shellScript = "\"${SRCROOT}/Pods/Target Support Files/Pods/Pods-resources.sh\"\n";
			showEnvVarsInLog = 0;
		};
/* End PBXShellScriptBuildPhase section */

/* Begin PBXSourcesBuildPhase section */
		8B1B6EC91B0BFB65004430C7 /* Sources */ = {
			isa = PBXSourcesBuildPhase;
			buildActionMask = 2147483647;
			files = (
				8B1B6ED11B0BFB65004430C7 /* main.m in Sources */,
				8B1B6ED91B0C0411004430C7 /* RGApplication.m in Sources */,
			);
			runOnlyForDeploymentPostprocessing = 0;
		};
/* End PBXSourcesBuildPhase section */

/* Begin XCBuildConfiguration section */
		8B1B6ED21B0BFB65004430C7 /* Debug */ = {
			isa = XCBuildConfiguration;
			buildSettings = {
				ALWAYS_SEARCH_USER_PATHS = NO;
				CLANG_CXX_LANGUAGE_STANDARD = "gnu++0x";
				CLANG_CXX_LIBRARY = "libc++";
				CLANG_ENABLE_MODULES = YES;
				CLANG_ENABLE_OBJC_ARC = YES;
				CLANG_WARN_BOOL_CONVERSION = YES;
				CLANG_WARN_CONSTANT_CONVERSION = YES;
				CLANG_WARN_DIRECT_OBJC_ISA_USAGE = YES_ERROR;
				CLANG_WARN_EMPTY_BODY = YES;
				CLANG_WARN_ENUM_CONVERSION = YES;
				CLANG_WARN_INT_CONVERSION = YES;
				CLANG_WARN_OBJC_ROOT_CLASS = YES_ERROR;
				CLANG_WARN_UNREACHABLE_CODE = YES;
				CLANG_WARN__DUPLICATE_METHOD_MATCH = YES;
				COPY_PHASE_STRIP = NO;
				DEBUG_INFORMATION_FORMAT = dwarf;
				ENABLE_STRICT_OBJC_MSGSEND = YES;
				GCC_C_LANGUAGE_STANDARD = gnu99;
				GCC_DYNAMIC_NO_PIC = NO;
				GCC_NO_COMMON_BLOCKS = YES;
				GCC_OPTIMIZATION_LEVEL = 0;
				GCC_PREPROCESSOR_DEFINITIONS = (
					"DEBUG=1",
					"$(inherited)",
				);
				GCC_SYMBOLS_PRIVATE_EXTERN = NO;
				GCC_WARN_64_TO_32_BIT_CONVERSION = YES;
				GCC_WARN_ABOUT_RETURN_TYPE = YES_ERROR;
				GCC_WARN_UNDECLARED_SELECTOR = YES;
				GCC_WARN_UNINITIALIZED_AUTOS = YES_AGGRESSIVE;
				GCC_WARN_UNUSED_FUNCTION = YES;
				GCC_WARN_UNUSED_VARIABLE = YES;
				MACOSX_DEPLOYMENT_TARGET = 10.10;
				MTL_ENABLE_DEBUG_INFO = YES;
				ONLY_ACTIVE_ARCH = YES;
				SDKROOT = macosx;
			};
			name = Debug;
		};
		8B1B6ED31B0BFB65004430C7 /* Release */ = {
			isa = XCBuildConfiguration;
			buildSettings = {
				ALWAYS_SEARCH_USER_PATHS = NO;
				CLANG_CXX_LANGUAGE_STANDARD = "gnu++0x";
				CLANG_CXX_LIBRARY = "libc++";
				CLANG_ENABLE_MODULES = YES;
				CLANG_ENABLE_OBJC_ARC = YES;
				CLANG_WARN_BOOL_CONVERSION = YES;
				CLANG_WARN_CONSTANT_CONVERSION = YES;
				CLANG_WARN_DIRECT_OBJC_ISA_USAGE = YES_ERROR;
				CLANG_WARN_EMPTY_BODY = YES;
				CLANG_WARN_ENUM_CONVERSION = YES;
				CLANG_WARN_INT_CONVERSION = YES;
				CLANG_WARN_OBJC_ROOT_CLASS = YES_ERROR;
				CLANG_WARN_UNREACHABLE_CODE = YES;
				CLANG_WARN__DUPLICATE_METHOD_MATCH = YES;
				COPY_PHASE_STRIP = NO;
				DEBUG_INFORMATION_FORMAT = "dwarf-with-dsym";
				ENABLE_NS_ASSERTIONS = NO;
				ENABLE_STRICT_OBJC_MSGSEND = YES;
				GCC_C_LANGUAGE_STANDARD = gnu99;
				GCC_NO_COMMON_BLOCKS = YES;
				GCC_WARN_64_TO_32_BIT_CONVERSION = YES;
				GCC_WARN_ABOUT_RETURN_TYPE = YES_ERROR;
				GCC_WARN_UNDECLARED_SELECTOR = YES;
				GCC_WARN_UNINITIALIZED_AUTOS = YES_AGGRESSIVE;
				GCC_WARN_UNUSED_FUNCTION = YES;
				GCC_WARN_UNUSED_VARIABLE = YES;
				MACOSX_DEPLOYMENT_TARGET = 10.10;
				MTL_ENABLE_DEBUG_INFO = NO;
				SDKROOT = macosx;
			};
			name = Release;
		};
		8B1B6ED51B0BFB65004430C7 /* Debug */ = {
			isa = XCBuildConfiguration;
			baseConfigurationReference = 96C739ADA5D2B85536486D6D /* Pods.debug.xcconfig */;
			buildSettings = {
				HEADER_SEARCH_PATHS = (
					"$(inherited)",
					"\"${PODS_ROOT}/Headers/Public\"",
					"\"${PODS_ROOT}/Headers/Public/GBCli\"",
					"\"$(PROJECT_DIR)/External/mruby/include\"",
					"\"$(PROJECT_DIR)/External/mruby-cfunc/include\"",
					"\"$(PROJECT_DIR)/External/mruby-cocoa/include\"",
				);
				LIBRARY_SEARCH_PATHS = (
					"$(inherited)",
					"$(PROJECT_DIR)/External/mruby/build/host/lib",
				);
				PRODUCT_NAME = "$(TARGET_NAME)";
			};
			name = Debug;
		};
		8B1B6ED61B0BFB65004430C7 /* Release */ = {
			isa = XCBuildConfiguration;
			baseConfigurationReference = C1C0F0533C27F30180D29D6E /* Pods.release.xcconfig */;
			buildSettings = {
				HEADER_SEARCH_PATHS = (
					"$(inherited)",
					"\"${PODS_ROOT}/Headers/Public\"",
					"\"${PODS_ROOT}/Headers/Public/GBCli\"",
					"\"$(PROJECT_DIR)/External/mruby/include\"",
					"\"$(PROJECT_DIR)/External/mruby-cfunc/include\"",
					"\"$(PROJECT_DIR)/External/mruby-cocoa/include\"",
				);
				LIBRARY_SEARCH_PATHS = (
					"$(inherited)",
					"$(PROJECT_DIR)/External/mruby/build/host/lib",
				);
				PRODUCT_NAME = "$(TARGET_NAME)";
			};
			name = Release;
		};
/* End XCBuildConfiguration section */

/* Begin XCConfigurationList section */
		8B1B6EC81B0BFB65004430C7 /* Build configuration list for PBXProject "RubyGens" */ = {
			isa = XCConfigurationList;
			buildConfigurations = (
				8B1B6ED21B0BFB65004430C7 /* Debug */,
				8B1B6ED31B0BFB65004430C7 /* Release */,
			);
			defaultConfigurationIsVisible = 0;
			defaultConfigurationName = Release;
		};
		8B1B6ED41B0BFB65004430C7 /* Build configuration list for PBXNativeTarget "RubyGens" */ = {
			isa = XCConfigurationList;
			buildConfigurations = (
				8B1B6ED51B0BFB65004430C7 /* Debug */,
				8B1B6ED61B0BFB65004430C7 /* Release */,
			);
			defaultConfigurationIsVisible = 0;
			defaultConfigurationName = Release;
		};
/* End XCConfigurationList section */
	};
	rootObject = 8B1B6EC51B0BFB65004430C7 /* Project object */;
}
